
Microsoft Visual Studio Solution File, Format Version 12.00
# Visual Studio 15
VisualStudioVersion = 15.0.27428.2015
MinimumVisualStudioVersion = 10.0.40219.1
Project("{2150E333-8FDC-42A3-9474-1A3956D46DE8}") = "Programming Fundamentals", "Programming Fundamentals", "{56651516-ABEE-451D-9B58-7E8C88E1880F}"
EndProject
Project("{2150E333-8FDC-42A3-9474-1A3956D46DE8}") = "Labs", "Labs", "{0378A77D-4514-4CAB-A900-FC1A4D14A1AC}"
EndProject
Project("{9A19103F-16F7-4668-BE54-9A1E7A4F7556}") = "01Greeting", "01Greeting\01Greeting.csproj", "{64AD5616-2231-4C20-8DC2-95944999C885}"
EndProject
Project("{2150E333-8FDC-42A3-9474-1A3956D46DE8}") = "Exercises", "Exercises", "{66D3D599-053D-45D1-A90A-6A6CB8D942E0}"
EndProject
Project("{9A19103F-16F7-4668-BE54-9A1E7A4F7556}") = "02 Add Two Numbers", "02 Add Two Numbers\02 Add Two Numbers.csproj", "{89DEAD30-1C34-4886-A2BA-8A941AAA9EF5}"
EndProject
Project("{9A19103F-16F7-4668-BE54-9A1E7A4F7556}") = "03EmployeeData", "03EmployeeData\03EmployeeData.csproj", "{F0CF43D0-6293-4E19-B6FE-1164ED6B48FA}"
EndProject
Project("{FAE04EC0-301F-11D3-BF4B-00C04F79EFBC}") = "01DebitCardNumber", "01DebitCardNumber\01DebitCardNumber.csproj", "{6631E8CC-EB91-46B5-87D5-FA06EE961F75}"
EndProject
Project("{2150E333-8FDC-42A3-9474-1A3956D46DE8}") = "Intro and Basic Syntax", "Intro and Basic Syntax", "{BB294429-0EB9-4273-8D51-467BF89CD68E}"
EndProject
Project("{FAE04EC0-301F-11D3-BF4B-00C04F79EFBC}") = "02RectangleArea", "02RectangleArea\02RectangleArea.csproj", "{ECFF09D2-A46E-4AEB-81B3-80D1DFD58B37}"
EndProject
Project("{FAE04EC0-301F-11D3-BF4B-00C04F79EFBC}") = "03MilesToKilometers", "03MilesToKilometers\03MilesToKilometers.csproj", "{04B89317-5E47-40E1-ADAE-E926270235DC}"
EndProject
Project("{FAE04EC0-301F-11D3-BF4B-00C04F79EFBC}") = "04BeverageLabel", "04BeverageLabel\04BeverageLabel.csproj", "{F70AAF34-C8C1-4843-A295-1EC5D98289C3}"
EndProject
Project("{FAE04EC0-301F-11D3-BF4B-00C04F79EFBC}") = "05CharacterStats", "05CharacterStats\05CharacterStats.csproj", "{B136D30C-D780-4FD4-9DCB-4F8BC14794AA}"
EndProject
Global
	GlobalSection(SolutionConfigurationPlatforms) = preSolution
		Debug|Any CPU = Debug|Any CPU
		Release|Any CPU = Release|Any CPU
	EndGlobalSection
	GlobalSection(ProjectConfigurationPlatforms) = postSolution
		{64AD5616-2231-4C20-8DC2-95944999C885}.Debug|Any CPU.ActiveCfg = Debug|Any CPU
		{64AD5616-2231-4C20-8DC2-95944999C885}.Debug|Any CPU.Build.0 = Debug|Any CPU
		{64AD5616-2231-4C20-8DC2-95944999C885}.Release|Any CPU.ActiveCfg = Release|Any CPU
		{64AD5616-2231-4C20-8DC2-95944999C885}.Release|Any CPU.Build.0 = Release|Any CPU
		{89DEAD30-1C34-4886-A2BA-8A941AAA9EF5}.Debug|Any CPU.ActiveCfg = Debug|Any CPU
		{89DEAD30-1C34-4886-A2BA-8A941AAA9EF5}.Debug|Any CPU.Build.0 = Debug|Any CPU
		{89DEAD30-1C34-4886-A2BA-8A941AAA9EF5}.Release|Any CPU.ActiveCfg = Release|Any CPU
		{89DEAD30-1C34-4886-A2BA-8A941AAA9EF5}.Release|Any CPU.Build.0 = Release|Any CPU
		{F0CF43D0-6293-4E19-B6FE-1164ED6B48FA}.Debug|Any CPU.ActiveCfg = Debug|Any CPU
		{F0CF43D0-6293-4E19-B6FE-1164ED6B48FA}.Debug|Any CPU.Build.0 = Debug|Any CPU
		{F0CF43D0-6293-4E19-B6FE-1164ED6B48FA}.Release|Any CPU.ActiveCfg = Release|Any CPU
		{F0CF43D0-6293-4E19-B6FE-1164ED6B48FA}.Release|Any CPU.Build.0 = Release|Any CPU
		{6631E8CC-EB91-46B5-87D5-FA06EE961F75}.Debug|Any CPU.ActiveCfg = Debug|Any CPU
		{6631E8CC-EB91-46B5-87D5-FA06EE961F75}.Debug|Any CPU.Build.0 = Debug|Any CPU
		{6631E8CC-EB91-46B5-87D5-FA06EE961F75}.Release|Any CPU.ActiveCfg = Release|Any CPU
		{6631E8CC-EB91-46B5-87D5-FA06EE961F75}.Release|Any CPU.Build.0 = Release|Any CPU
		{ECFF09D2-A46E-4AEB-81B3-80D1DFD58B37}.Debug|Any CPU.ActiveCfg = Debug|Any CPU
		{ECFF09D2-A46E-4AEB-81B3-80D1DFD58B37}.Debug|Any CPU.Build.0 = Debug|Any CPU
		{ECFF09D2-A46E-4AEB-81B3-80D1DFD58B37}.Release|Any CPU.ActiveCfg = Release|Any CPU
		{ECFF09D2-A46E-4AEB-81B3-80D1DFD58B37}.Release|Any CPU.Build.0 = Release|Any CPU
		{04B89317-5E47-40E1-ADAE-E926270235DC}.Debug|Any CPU.ActiveCfg = Debug|Any CPU
		{04B89317-5E47-40E1-ADAE-E926270235DC}.Debug|Any CPU.Build.0 = Debug|Any CPU
		{04B89317-5E47-40E1-ADAE-E926270235DC}.Release|Any CPU.ActiveCfg = Release|Any CPU
		{04B89317-5E47-40E1-ADAE-E926270235DC}.Release|Any CPU.Build.0 = Release|Any CPU
		{F70AAF34-C8C1-4843-A295-1EC5D98289C3}.Debug|Any CPU.ActiveCfg = Debug|Any CPU
		{F70AAF34-C8C1-4843-A295-1EC5D98289C3}.Debug|Any CPU.Build.0 = Debug|Any CPU
		{F70AAF34-C8C1-4843-A295-1EC5D98289C3}.Release|Any CPU.ActiveCfg = Release|Any CPU
		{F70AAF34-C8C1-4843-A295-1EC5D98289C3}.Release|Any CPU.Build.0 = Release|Any CPU
		{B136D30C-D780-4FD4-9DCB-4F8BC14794AA}.Debug|Any CPU.ActiveCfg = Debug|Any CPU
		{B136D30C-D780-4FD4-9DCB-4F8BC14794AA}.Debug|Any CPU.Build.0 = Debug|Any CPU
		{B136D30C-D780-4FD4-9DCB-4F8BC14794AA}.Release|Any CPU.ActiveCfg = Release|Any CPU
		{B136D30C-D780-4FD4-9DCB-4F8BC14794AA}.Release|Any CPU.Build.0 = Release|Any CPU
	EndGlobalSection
	GlobalSection(SolutionProperties) = preSolution
		HideSolutionNode = FALSE
	EndGlobalSection
	GlobalSection(NestedProjects) = preSolution
		{0378A77D-4514-4CAB-A900-FC1A4D14A1AC} = {BB294429-0EB9-4273-8D51-467BF89CD68E}
		{64AD5616-2231-4C20-8DC2-95944999C885} = {0378A77D-4514-4CAB-A900-FC1A4D14A1AC}
		{66D3D599-053D-45D1-A90A-6A6CB8D942E0} = {BB294429-0EB9-4273-8D51-467BF89CD68E}
		{89DEAD30-1C34-4886-A2BA-8A941AAA9EF5} = {0378A77D-4514-4CAB-A900-FC1A4D14A1AC}
		{F0CF43D0-6293-4E19-B6FE-1164ED6B48FA} = {0378A77D-4514-4CAB-A900-FC1A4D14A1AC}
		{6631E8CC-EB91-46B5-87D5-FA06EE961F75} = {66D3D599-053D-45D1-A90A-6A6CB8D942E0}
		{BB294429-0EB9-4273-8D51-467BF89CD68E} = {56651516-ABEE-451D-9B58-7E8C88E1880F}
		{ECFF09D2-A46E-4AEB-81B3-80D1DFD58B37} = {66D3D599-053D-45D1-A90A-6A6CB8D942E0}
		{04B89317-5E47-40E1-ADAE-E926270235DC} = {66D3D599-053D-45D1-A90A-6A6CB8D942E0}
		{F70AAF34-C8C1-4843-A295-1EC5D98289C3} = {66D3D599-053D-45D1-A90A-6A6CB8D942E0}
		{B136D30C-D780-4FD4-9DCB-4F8BC14794AA} = {66D3D599-053D-45D1-A90A-6A6CB8D942E0}
	EndGlobalSection
	GlobalSection(ExtensibilityGlobals) = postSolution
		SolutionGuid = {24E5B8A0-CF5D-4872-A4A4-A133EB7DBD20}
	EndGlobalSection
EndGlobal
