
Microsoft Visual Studio Solution File, Format Version 12.00
# Visual Studio 15
VisualStudioVersion = 15.0.27428.2015
MinimumVisualStudioVersion = 10.0.40219.1
Project("{2150E333-8FDC-42A3-9474-1A3956D46DE8}") = "Programming Fundamentals", "Programming Fundamentals", "{56651516-ABEE-451D-9B58-7E8C88E1880F}"
EndProject
Project("{2150E333-8FDC-42A3-9474-1A3956D46DE8}") = "Labs", "Labs", "{0378A77D-4514-4CAB-A900-FC1A4D14A1AC}"
EndProject
Project("{FAE04EC0-301F-11D3-BF4B-00C04F79EFBC}") = "01Greeting", "01Greeting\01Greeting.csproj", "{64AD5616-2231-4C20-8DC2-95944999C885}"
EndProject
Project("{2150E333-8FDC-42A3-9474-1A3956D46DE8}") = "Exersises", "Exersises", "{66D3D599-053D-45D1-A90A-6A6CB8D942E0}"
EndProject
Global
	GlobalSection(SolutionConfigurationPlatforms) = preSolution
		Debug|Any CPU = Debug|Any CPU
		Release|Any CPU = Release|Any CPU
	EndGlobalSection
	GlobalSection(ProjectConfigurationPlatforms) = postSolution
		{64AD5616-2231-4C20-8DC2-95944999C885}.Debug|Any CPU.ActiveCfg = Debug|Any CPU
		{64AD5616-2231-4C20-8DC2-95944999C885}.Debug|Any CPU.Build.0 = Debug|Any CPU
		{64AD5616-2231-4C20-8DC2-95944999C885}.Release|Any CPU.ActiveCfg = Release|Any CPU
		{64AD5616-2231-4C20-8DC2-95944999C885}.Release|Any CPU.Build.0 = Release|Any CPU
	EndGlobalSection
	GlobalSection(SolutionProperties) = preSolution
		HideSolutionNode = FALSE
	EndGlobalSection
	GlobalSection(NestedProjects) = preSolution
		{0378A77D-4514-4CAB-A900-FC1A4D14A1AC} = {56651516-ABEE-451D-9B58-7E8C88E1880F}
		{64AD5616-2231-4C20-8DC2-95944999C885} = {0378A77D-4514-4CAB-A900-FC1A4D14A1AC}
		{66D3D599-053D-45D1-A90A-6A6CB8D942E0} = {56651516-ABEE-451D-9B58-7E8C88E1880F}
	EndGlobalSection
	GlobalSection(ExtensibilityGlobals) = postSolution
		SolutionGuid = {24E5B8A0-CF5D-4872-A4A4-A133EB7DBD20}
	EndGlobalSection
EndGlobal
